
Microsoft Visual Studio Solution File, Format Version 12.00
# Visual Studio Version 17
VisualStudioVersion = 17.5.002.0
MinimumVisualStudioVersion = 10.0.40219.1
Project("{9A19103F-16F7-4668-BE54-9A1E7A4F7556}") = "InterfaceSegregationPrinciple", "InterfaceSegregationPrinciple.csproj", "{ADEFDB23-985C-4FF6-A9BD-C018EE95F115}"
EndProject
Global
	GlobalSection(SolutionConfigurationPlatforms) = preSolution
		Debug|Any CPU = Debug|Any CPU
		Release|Any CPU = Release|Any CPU
	EndGlobalSection
	GlobalSection(ProjectConfigurationPlatforms) = postSolution
		{ADEFDB23-985C-4FF6-A9BD-C018EE95F115}.Debug|Any CPU.ActiveCfg = Debug|Any CPU
		{ADEFDB23-985C-4FF6-A9BD-C018EE95F115}.Debug|Any CPU.Build.0 = Debug|Any CPU
		{ADEFDB23-985C-4FF6-A9BD-C018EE95F115}.Release|Any CPU.ActiveCfg = Release|Any CPU
		{ADEFDB23-985C-4FF6-A9BD-C018EE95F115}.Release|Any CPU.Build.0 = Release|Any CPU
	EndGlobalSection
	GlobalSection(SolutionProperties) = preSolution
		HideSolutionNode = FALSE
	EndGlobalSection
	GlobalSection(ExtensibilityGlobals) = postSolution
		SolutionGuid = {5A77A255-3FC9-4F45-84B3-DACF30333430}
	EndGlobalSection
EndGlobal
